Microsoft Visual Studio Solution File, Format Version 12.00
# Visual Studio Version 18
VisualStudioVersion = 18.0.0.0
MinimumVisualStudioVersion = 10.0.40219.1
Project("{9A19103F-16F7-4668-BE54-9A1E7A4F7556}") = "GrokLauncher", "GrokLauncher.csproj", "{6F3A9C21-8B47-4E1D-A5C0-91D2E4B7F803}"
EndProject
Project("{54435603-DBB4-11D2-8724-00A0C9A8B90C}") = "GrokLauncherSetup", "Installer\GrokLauncherSetup.vdproj", "{178D6714-0972-3FBE-CEBA-403985CE8E8F}"
	ProjectSection(ProjectDependencies) = postProject
		{6F3A9C21-8B47-4E1D-A5C0-91D2E4B7F803} = {6F3A9C21-8B47-4E1D-A5C0-91D2E4B7F803}
	EndProjectSection
EndProject
Global
	GlobalSection(SolutionConfigurationPlatforms) = preSolution
		Debug|Any CPU = Debug|Any CPU
		Release|Any CPU = Release|Any CPU
	EndGlobalSection
	GlobalSection(ProjectConfigurationPlatforms) = postSolution
		{6F3A9C21-8B47-4E1D-A5C0-91D2E4B7F803}.Debug|Any CPU.ActiveCfg = Debug|Any CPU
		{6F3A9C21-8B47-4E1D-A5C0-91D2E4B7F803}.Debug|Any CPU.Build.0 = Debug|Any CPU
		{6F3A9C21-8B47-4E1D-A5C0-91D2E4B7F803}.Release|Any CPU.ActiveCfg = Release|Any CPU
		{6F3A9C21-8B47-4E1D-A5C0-91D2E4B7F803}.Release|Any CPU.Build.0 = Release|Any CPU
		{178D6714-0972-3FBE-CEBA-403985CE8E8F}.Debug|Any CPU.ActiveCfg = Debug
		{178D6714-0972-3FBE-CEBA-403985CE8E8F}.Release|Any CPU.ActiveCfg = Release
		{178D6714-0972-3FBE-CEBA-403985CE8E8F}.Release|Any CPU.Build.0 = Release
	EndGlobalSection
	GlobalSection(SolutionProperties) = preSolution
		HideSolutionNode = FALSE
	EndGlobalSection
	GlobalSection(ExtensibilityGlobals) = postSolution
		SolutionGuid = {A63801BB-ADBF-427A-88BB-320DDBA2522F}
	EndGlobalSection
EndGlobal
